{
    "_meta": {
        "hash": {
            "sha256": "c559b29dd2c2ef18dabd0ef7813ae1a34640b1605736c32113852986710f998e"
        },
        "pipfile-spec": 6,
        "requires": {
            "python_version": "3.8.12"
        },
        "sources": [
            {
                "name": "pypi",
                "url": "https://pypi.org/simple",
                "verify_ssl": true
            }
        ]
    },
    "default": {
        "src": {
            "editable": true,
            "path": "./src"
        }
    },
    "develop": {}
}
